// !$*UTF8*$!
{
	archiveVersion = 1;
	classes = {
	};
	objectVersion = 77;
	objects = {

/* Begin PBXBuildFile section */
		091F03A72FD5E755003DE1CC /* sccainfo in CopyFiles */ = {isa = PBXBuildFile; fileRef = 091F03A62FD5E755003DE1CC /* sccainfo */; platformFilters = (macos, ); settings = {ATTRIBUTES = (CodeSignOnCopy, ); }; };
		099DBE0B2FCF60530042FE85 /* GRDB in Frameworks */ = {isa = PBXBuildFile; productRef = 099DBE0A2FCF60530042FE85 /* GRDB */; };
		09A474812FD1466C009D5CCA /* fls in CopyFiles */ = {isa = PBXBuildFile; fileRef = 09A474762FD1466C009D5CCA /* fls */; platformFilters = (macos, ); settings = {ATTRIBUTES = (CodeSignOnCopy, ); }; };
		09A474822FD1466C009D5CCA /* fsstat in CopyFiles */ = {isa = PBXBuildFile; fileRef = 09A474772FD1466C009D5CCA /* fsstat */; platformFilters = (macos, ); settings = {ATTRIBUTES = (CodeSignOnCopy, ); }; };
		09A474832FD1466C009D5CCA /* istat in CopyFiles */ = {isa = PBXBuildFile; fileRef = 09A474782FD1466C009D5CCA /* istat */; platformFilters = (macos, ); settings = {ATTRIBUTES = (CodeSignOnCopy, ); }; };
		09A474842FD1466C009D5CCA /* mmls in CopyFiles */ = {isa = PBXBuildFile; fileRef = 09A474792FD1466C009D5CCA /* mmls */; platformFilters = (macos, ); settings = {ATTRIBUTES = (CodeSignOnCopy, ); }; };
		09A474852FD1466C009D5CCA /* evtxexport in CopyFiles */ = {isa = PBXBuildFile; fileRef = 09A4747A2FD1466C009D5CCA /* evtxexport */; platformFilters = (macos, ); settings = {ATTRIBUTES = (CodeSignOnCopy, ); }; };
		09A474862FD1466C009D5CCA /* evtxinfo in CopyFiles */ = {isa = PBXBuildFile; fileRef = 09A4747B2FD1466C009D5CCA /* evtxinfo */; platformFilters = (macos, ); settings = {ATTRIBUTES = (CodeSignOnCopy, ); }; };
		09A474872FD1466C009D5CCA /* regfexport in CopyFiles */ = {isa = PBXBuildFile; fileRef = 09A4747C2FD1466C009D5CCA /* regfexport */; platformFilters = (macos, ); settings = {ATTRIBUTES = (CodeSignOnCopy, ); }; };
		09A474882FD1466C009D5CCA /* icat in CopyFiles */ = {isa = PBXBuildFile; fileRef = 09A4747D2FD1466C009D5CCA /* icat */; platformFilters = (macos, ); settings = {ATTRIBUTES = (CodeSignOnCopy, ); }; };
		09A474892FD1466C009D5CCA /* regfinfo in CopyFiles */ = {isa = PBXBuildFile; fileRef = 09A4747E2FD1466C009D5CCA /* regfinfo */; platformFilters = (macos, ); settings = {ATTRIBUTES = (CodeSignOnCopy, ); }; };
		09A4748A2FD1466C009D5CCA /* tsk_loaddb in CopyFiles */ = {isa = PBXBuildFile; fileRef = 09A4747F2FD1466C009D5CCA /* tsk_loaddb */; platformFilters = (macos, ); settings = {ATTRIBUTES = (CodeSignOnCopy, ); }; };
		09A4748B2FD1466C009D5CCA /* blkstat in CopyFiles */ = {isa = PBXBuildFile; fileRef = 09A474802FD1466C009D5CCA /* blkstat */; platformFilters = (macos, ); settings = {ATTRIBUTES = (CodeSignOnCopy, ); }; };
		09A474C32FD1466C009D5CCA /* ewfinfo in CopyFiles */ = {isa = PBXBuildFile; fileRef = 09A474C12FD1466C009D5CCA /* ewfinfo */; platformFilters = (macos, ); settings = {ATTRIBUTES = (CodeSignOnCopy, ); }; };
		09A474C42FD1466C009D5CCA /* ewfverify in CopyFiles */ = {isa = PBXBuildFile; fileRef = 09A474C22FD1466C009D5CCA /* ewfverify */; platformFilters = (macos, ); settings = {ATTRIBUTES = (CodeSignOnCopy, ); }; };
/* End PBXBuildFile section */

/* Begin PBXContainerItemProxy section */
		099DBDC12FCF54B90042FE85 /* PBXContainerItemProxy */ = {
			isa = PBXContainerItemProxy;
			containerPortal = 099DBDA72FCF54B80042FE85 /* Project object */;
			proxyType = 1;
			remoteGlobalIDString = 099DBDAE2FCF54B80042FE85;
			remoteInfo = Strata;
		};
		099DBDCB2FCF54B90042FE85 /* PBXContainerItemProxy */ = {
			isa = PBXContainerItemProxy;
			containerPortal = 099DBDA72FCF54B80042FE85 /* Project object */;
			proxyType = 1;
			remoteGlobalIDString = 099DBDAE2FCF54B80042FE85;
			remoteInfo = Strata;
		};
/* End PBXContainerItemProxy section */

/* Begin PBXCopyFilesBuildPhase section */
		099DBE0D2FCF68040042FE85 /* CopyFiles */ = {
			isa = PBXCopyFilesBuildPhase;
			buildActionMask = 2147483647;
			dstPath = tsk/bin;
			dstSubfolderSpec = 7;
			files = (
				091F03A72FD5E755003DE1CC /* sccainfo in CopyFiles */,
				09A474812FD1466C009D5CCA /* fls in CopyFiles */,
				09A474822FD1466C009D5CCA /* fsstat in CopyFiles */,
				09A474832FD1466C009D5CCA /* istat in CopyFiles */,
				09A474842FD1466C009D5CCA /* mmls in CopyFiles */,
				09A474852FD1466C009D5CCA /* evtxexport in CopyFiles */,
				09A474862FD1466C009D5CCA /* evtxinfo in CopyFiles */,
				09A474872FD1466C009D5CCA /* regfexport in CopyFiles */,
				09A474882FD1466C009D5CCA /* icat in CopyFiles */,
				09A474892FD1466C009D5CCA /* regfinfo in CopyFiles */,
				09A4748A2FD1466C009D5CCA /* tsk_loaddb in CopyFiles */,
				09A4748B2FD1466C009D5CCA /* blkstat in CopyFiles */,
				09A474C32FD1466C009D5CCA /* ewfinfo in CopyFiles */,
				09A474C42FD1466C009D5CCA /* ewfverify in CopyFiles */,
			);
			runOnlyForDeploymentPostprocessing = 0;
		};
/* End PBXCopyFilesBuildPhase section */

/* Begin PBXFileReference section */
		091F03A62FD5E755003DE1CC /* sccainfo */ = {isa = PBXFileReference; lastKnownFileType = "compiled.mach-o.executable"; name = sccainfo; path = Vendor/tsk/bin/arm64/sccainfo; sourceTree = "<group>"; };
		099DBDAF2FCF54B80042FE85 /* Strata.app */ = {isa = PBXFileReference; explicitFileType = wrapper.application; includeInIndex = 0; path = Strata.app; sourceTree = BUILT_PRODUCTS_DIR; };
		099DBDC02FCF54B90042FE85 /* StrataTests.xctest */ = {isa = PBXFileReference; explicitFileType = wrapper.cfbundle; includeInIndex = 0; path = StrataTests.xctest; sourceTree = BUILT_PRODUCTS_DIR; };
		099DBDCA2FCF54B90042FE85 /* StrataUITests.xctest */ = {isa = PBXFileReference; explicitFileType = wrapper.cfbundle; includeInIndex = 0; path = StrataUITests.xctest; sourceTree = BUILT_PRODUCTS_DIR; };
		099DBE0C2FCF67870042FE85 /* tsk_loaddb */ = {isa = PBXFileReference; lastKnownFileType = "compiled.mach-o.executable"; name = tsk_loaddb; path = Vendor/tsk/bin/arm64/tsk_loaddb; sourceTree = "<group>"; };
		09A474762FD1466C009D5CCA /* fls */ = {isa = PBXFileReference; lastKnownFileType = "compiled.mach-o.executable"; name = fls; path = Vendor/tsk/bin/arm64/fls; sourceTree = "<group>"; };
		09A474772FD1466C009D5CCA /* fsstat */ = {isa = PBXFileReference; lastKnownFileType = "compiled.mach-o.executable"; name = fsstat; path = Vendor/tsk/bin/arm64/fsstat; sourceTree = "<group>"; };
		09A474782FD1466C009D5CCA /* istat */ = {isa = PBXFileReference; lastKnownFileType = "compiled.mach-o.executable"; name = istat; path = Vendor/tsk/bin/arm64/istat; sourceTree = "<group>"; };
		09A474792FD1466C009D5CCA /* mmls */ = {isa = PBXFileReference; lastKnownFileType = "compiled.mach-o.executable"; name = mmls; path = Vendor/tsk/bin/arm64/mmls; sourceTree = "<group>"; };
		09A4747A2FD1466C009D5CCA /* evtxexport */ = {isa = PBXFileReference; lastKnownFileType = "compiled.mach-o.executable"; name = evtxexport; path = Vendor/tsk/bin/arm64/evtxexport; sourceTree = "<group>"; };
		09A4747B2FD1466C009D5CCA /* evtxinfo */ = {isa = PBXFileReference; lastKnownFileType = "compiled.mach-o.executable"; name = evtxinfo; path = Vendor/tsk/bin/arm64/evtxinfo; sourceTree = "<group>"; };
		09A4747C2FD1466C009D5CCA /* regfexport */ = {isa = PBXFileReference; lastKnownFileType = "compiled.mach-o.executable"; name = regfexport; path = Vendor/tsk/bin/arm64/regfexport; sourceTree = "<group>"; };
		09A4747D2FD1466C009D5CCA /* icat */ = {isa = PBXFileReference; lastKnownFileType = "compiled.mach-o.executable"; name = icat; path = Vendor/tsk/bin/arm64/icat; sourceTree = "<group>"; };
		09A4747E2FD1466C009D5CCA /* regfinfo */ = {isa = PBXFileReference; lastKnownFileType = "compiled.mach-o.executable"; name = regfinfo; path = Vendor/tsk/bin/arm64/regfinfo; sourceTree = "<group>"; };
		09A4747F2FD1466C009D5CCA /* tsk_loaddb */ = {isa = PBXFileReference; lastKnownFileType = "compiled.mach-o.executable"; name = tsk_loaddb; path = Vendor/tsk/bin/arm64/tsk_loaddb; sourceTree = "<group>"; };
		09A474802FD1466C009D5CCA /* blkstat */ = {isa = PBXFileReference; lastKnownFileType = "compiled.mach-o.executable"; name = blkstat; path = Vendor/tsk/bin/arm64/blkstat; sourceTree = "<group>"; };
		09A474C12FD1466C009D5CCA /* ewfinfo */ = {isa = PBXFileReference; lastKnownFileType = "compiled.mach-o.executable"; name = ewfinfo; path = Vendor/tsk/bin/arm64/ewfinfo; sourceTree = "<group>"; };
		09A474C22FD1466C009D5CCA /* ewfverify */ = {isa = PBXFileReference; lastKnownFileType = "compiled.mach-o.executable"; name = ewfverify; path = Vendor/tsk/bin/arm64/ewfverify; sourceTree = "<group>"; };
/* End PBXFileReference section */

/* Begin PBXFileSystemSynchronizedBuildFileExceptionSet section */
		099DBDD22FCF54B90042FE85 /* Exceptions for "Strata" folder in "Strata" target */ = {
			isa = PBXFileSystemSynchronizedBuildFileExceptionSet;
			membershipExceptions = (
				Info.plist,
			);
			target = 099DBDAE2FCF54B80042FE85 /* Strata */;
		};
/* End PBXFileSystemSynchronizedBuildFileExceptionSet section */

/* Begin PBXFileSystemSynchronizedRootGroup section */
		099DBDB12FCF54B80042FE85 /* Strata */ = {
			isa = PBXFileSystemSynchronizedRootGroup;
			exceptions = (
				099DBDD22FCF54B90042FE85 /* Exceptions for "Strata" folder in "Strata" target */,
			);
			path = Strata;
			sourceTree = "<group>";
		};
		099DBDC32FCF54B90042FE85 /* StrataTests */ = {
			isa = PBXFileSystemSynchronizedRootGroup;
			path = StrataTests;
			sourceTree = "<group>";
		};
		099DBDCD2FCF54B90042FE85 /* StrataUITests */ = {
			isa = PBXFileSystemSynchronizedRootGroup;
			path = StrataUITests;
			sourceTree = "<group>";
		};
/* End PBXFileSystemSynchronizedRootGroup section */

/* Begin PBXFrameworksBuildPhase section */
		099DBDAC2FCF54B80042FE85 /* Frameworks */ = {
			isa = PBXFrameworksBuildPhase;
			buildActionMask = 2147483647;
			files = (
				099DBE0B2FCF60530042FE85 /* GRDB in Frameworks */,
			);
			runOnlyForDeploymentPostprocessing = 0;
		};
		099DBDBD2FCF54B90042FE85 /* Frameworks */ = {
			isa = PBXFrameworksBuildPhase;
			buildActionMask = 2147483647;
			files = (
			);
			runOnlyForDeploymentPostprocessing = 0;
		};
		099DBDC72FCF54B90042FE85 /* Frameworks */ = {
			isa = PBXFrameworksBuildPhase;
			buildActionMask = 2147483647;
			files = (
			);
			runOnlyForDeploymentPostprocessing = 0;
		};
/* End PBXFrameworksBuildPhase section */

/* Begin PBXGroup section */
		099DBDA62FCF54B80042FE85 = {
			isa = PBXGroup;
			children = (
				091F03A62FD5E755003DE1CC /* sccainfo */,
				09A474802FD1466C009D5CCA /* blkstat */,
				09A4747A2FD1466C009D5CCA /* evtxexport */,
				09A4747B2FD1466C009D5CCA /* evtxinfo */,
				09A474C12FD1466C009D5CCA /* ewfinfo */,
				09A474C22FD1466C009D5CCA /* ewfverify */,
				09A474762FD1466C009D5CCA /* fls */,
				09A474772FD1466C009D5CCA /* fsstat */,
				09A4747D2FD1466C009D5CCA /* icat */,
				09A474782FD1466C009D5CCA /* istat */,
				09A474792FD1466C009D5CCA /* mmls */,
				09A4747C2FD1466C009D5CCA /* regfexport */,
				09A4747E2FD1466C009D5CCA /* regfinfo */,
				09A4747F2FD1466C009D5CCA /* tsk_loaddb */,
				099DBDB12FCF54B80042FE85 /* Strata */,
				099DBDC32FCF54B90042FE85 /* StrataTests */,
				099DBDCD2FCF54B90042FE85 /* StrataUITests */,
				099DBE092FCF60530042FE85 /* Frameworks */,
				099DBDB02FCF54B80042FE85 /* Products */,
			);
			sourceTree = "<group>";
		};
		099DBDB02FCF54B80042FE85 /* Products */ = {
			isa = PBXGroup;
			children = (
				099DBDAF2FCF54B80042FE85 /* Strata.app */,
				099DBDC02FCF54B90042FE85 /* StrataTests.xctest */,
				099DBDCA2FCF54B90042FE85 /* StrataUITests.xctest */,
			);
			name = Products;
			sourceTree = "<group>";
		};
		099DBE092FCF60530042FE85 /* Frameworks */ = {
			isa = PBXGroup;
			children = (
				099DBE0C2FCF67870042FE85 /* tsk_loaddb */,
			);
			name = Frameworks;
			sourceTree = "<group>";
		};
/* End PBXGroup section */

/* Begin PBXNativeTarget section */
		099DBDAE2FCF54B80042FE85 /* Strata */ = {
			isa = PBXNativeTarget;
			buildConfigurationList = 099DBDD32FCF54B90042FE85 /* Build configuration list for PBXNativeTarget "Strata" */;
			buildPhases = (
				099DBDAB2FCF54B80042FE85 /* Sources */,
				099DBDAC2FCF54B80042FE85 /* Frameworks */,
				099DBDAD2FCF54B80042FE85 /* Resources */,
				099DBE0D2FCF68040042FE85 /* CopyFiles */,
			);
			buildRules = (
			);
			dependencies = (
			);
			fileSystemSynchronizedGroups = (
				099DBDB12FCF54B80042FE85 /* Strata */,
			);
			name = Strata;
			packageProductDependencies = (
				099DBE0A2FCF60530042FE85 /* GRDB */,
			);
			productName = Strata;
			productReference = 099DBDAF2FCF54B80042FE85 /* Strata.app */;
			productType = "com.apple.product-type.application";
		};
		099DBDBF2FCF54B90042FE85 /* StrataTests */ = {
			isa = PBXNativeTarget;
			buildConfigurationList = 099DBDD82FCF54B90042FE85 /* Build configuration list for PBXNativeTarget "StrataTests" */;
			buildPhases = (
				099DBDBC2FCF54B90042FE85 /* Sources */,
				099DBDBD2FCF54B90042FE85 /* Frameworks */,
				099DBDBE2FCF54B90042FE85 /* Resources */,
			);
			buildRules = (
			);
			dependencies = (
				099DBDC22FCF54B90042FE85 /* PBXTargetDependency */,
			);
			fileSystemSynchronizedGroups = (
				099DBDC32FCF54B90042FE85 /* StrataTests */,
			);
			name = StrataTests;
			packageProductDependencies = (
			);
			productName = StrataTests;
			productReference = 099DBDC02FCF54B90042FE85 /* StrataTests.xctest */;
			productType = "com.apple.product-type.bundle.unit-test";
		};
		099DBDC92FCF54B90042FE85 /* StrataUITests */ = {
			isa = PBXNativeTarget;
			buildConfigurationList = 099DBDDB2FCF54B90042FE85 /* Build configuration list for PBXNativeTarget "StrataUITests" */;
			buildPhases = (
				099DBDC62FCF54B90042FE85 /* Sources */,
				099DBDC72FCF54B90042FE85 /* Frameworks */,
				099DBDC82FCF54B90042FE85 /* Resources */,
			);
			buildRules = (
			);
			dependencies = (
				099DBDCC2FCF54B90042FE85 /* PBXTargetDependency */,
			);
			fileSystemSynchronizedGroups = (
				099DBDCD2FCF54B90042FE85 /* StrataUITests */,
			);
			name = StrataUITests;
			packageProductDependencies = (
			);
			productName = StrataUITests;
			productReference = 099DBDCA2FCF54B90042FE85 /* StrataUITests.xctest */;
			productType = "com.apple.product-type.bundle.ui-testing";
		};
/* End PBXNativeTarget section */

/* Begin PBXProject section */
		099DBDA72FCF54B80042FE85 /* Project object */ = {
			isa = PBXProject;
			attributes = {
				BuildIndependentTargetsInParallel = 1;
				LastSwiftUpdateCheck = 2650;
				LastUpgradeCheck = 2650;
				TargetAttributes = {
					099DBDAE2FCF54B80042FE85 = {
						CreatedOnToolsVersion = 26.5;
					};
					099DBDBF2FCF54B90042FE85 = {
						CreatedOnToolsVersion = 26.5;
						TestTargetID = 099DBDAE2FCF54B80042FE85;
					};
					099DBDC92FCF54B90042FE85 = {
						CreatedOnToolsVersion = 26.5;
						TestTargetID = 099DBDAE2FCF54B80042FE85;
					};
				};
			};
			buildConfigurationList = 099DBDAA2FCF54B80042FE85 /* Build configuration list for PBXProject "Strata" */;
			developmentRegion = en;
			hasScannedForEncodings = 0;
			knownRegions = (
				en,
				Base,
			);
			mainGroup = 099DBDA62FCF54B80042FE85;
			minimizedProjectReferenceProxies = 1;
			packageReferences = (
				099DBE082FCF5E6B0042FE85 /* XCRemoteSwiftPackageReference "GRDB" */,
			);
			preferredProjectObjectVersion = 77;
			productRefGroup = 099DBDB02FCF54B80042FE85 /* Products */;
			projectDirPath = "";
			projectRoot = "";
			targets = (
				099DBDAE2FCF54B80042FE85 /* Strata */,
				099DBDBF2FCF54B90042FE85 /* StrataTests */,
				099DBDC92FCF54B90042FE85 /* StrataUITests */,
			);
		};
/* End PBXProject section */

/* Begin PBXResourcesBuildPhase section */
		099DBDAD2FCF54B80042FE85 /* Resources */ = {
			isa = PBXResourcesBuildPhase;
			buildActionMask = 2147483647;
			files = (
			);
			runOnlyForDeploymentPostprocessing = 0;
		};
		099DBDBE2FCF54B90042FE85 /* Resources */ = {
			isa = PBXResourcesBuildPhase;
			buildActionMask = 2147483647;
			files = (
			);
			runOnlyForDeploymentPostprocessing = 0;
		};
		099DBDC82FCF54B90042FE85 /* Resources */ = {
			isa = PBXResourcesBuildPhase;
			buildActionMask = 2147483647;
			files = (
			);
			runOnlyForDeploymentPostprocessing = 0;
		};
/* End PBXResourcesBuildPhase section */

/* Begin PBXSourcesBuildPhase section */
		099DBDAB2FCF54B80042FE85 /* Sources */ = {
			isa = PBXSourcesBuildPhase;
			buildActionMask = 2147483647;
			files = (
			);
			runOnlyForDeploymentPostprocessing = 0;
		};
		099DBDBC2FCF54B90042FE85 /* Sources */ = {
			isa = PBXSourcesBuildPhase;
			buildActionMask = 2147483647;
			files = (
			);
			runOnlyForDeploymentPostprocessing = 0;
		};
		099DBDC62FCF54B90042FE85 /* Sources */ = {
			isa = PBXSourcesBuildPhase;
			buildActionMask = 2147483647;
			files = (
			);
			runOnlyForDeploymentPostprocessing = 0;
		};
/* End PBXSourcesBuildPhase section */

/* Begin PBXTargetDependency section */
		099DBDC22FCF54B90042FE85 /* PBXTargetDependency */ = {
			isa = PBXTargetDependency;
			target = 099DBDAE2FCF54B80042FE85 /* Strata */;
			targetProxy = 099DBDC12FCF54B90042FE85 /* PBXContainerItemProxy */;
		};
		099DBDCC2FCF54B90042FE85 /* PBXTargetDependency */ = {
			isa = PBXTargetDependency;
			target = 099DBDAE2FCF54B80042FE85 /* Strata */;
			targetProxy = 099DBDCB2FCF54B90042FE85 /* PBXContainerItemProxy */;
		};
/* End PBXTargetDependency section */

/* Begin XCBuildConfiguration section */
		099DBDD42FCF54B90042FE85 /* Debug */ = {
			isa = XCBuildConfiguration;
			buildSettings = {
				ASSETCATALOG_COMPILER_APPICON_NAME = AppIcon;
				ASSETCATALOG_COMPILER_GLOBAL_ACCENT_COLOR_NAME = AccentColor;
				CODE_SIGN_ENTITLEMENTS = Strata/Strata.entitlements;
				"CODE_SIGN_IDENTITY[sdk=macosx*]" = "Apple Development";
				CODE_SIGN_STYLE = Automatic;
				CURRENT_PROJECT_VERSION = 1;
				DEVELOPMENT_TEAM = 96ZD8RMB92;
				ENABLE_APP_SANDBOX = NO;
				ENABLE_HARDENED_RUNTIME = YES;
				ENABLE_PREVIEWS = YES;
				GENERATE_INFOPLIST_FILE = YES;
				INFOPLIST_FILE = Strata/Info.plist;
				INFOPLIST_KEY_CFBundleDisplayName = Strata;
				INFOPLIST_KEY_LSApplicationCategoryType = "public.app-category.developer-tools";
				"INFOPLIST_KEY_UIApplicationSceneManifest_Generation[sdk=iphoneos*]" = YES;
				"INFOPLIST_KEY_UIApplicationSceneManifest_Generation[sdk=iphonesimulator*]" = YES;
				"INFOPLIST_KEY_UIApplicationSupportsIndirectInputEvents[sdk=iphoneos*]" = YES;
				"INFOPLIST_KEY_UIApplicationSupportsIndirectInputEvents[sdk=iphonesimulator*]" = YES;
				"INFOPLIST_KEY_UILaunchScreen_Generation[sdk=iphoneos*]" = YES;
				"INFOPLIST_KEY_UILaunchScreen_Generation[sdk=iphonesimulator*]" = YES;
				"INFOPLIST_KEY_UIStatusBarStyle[sdk=iphoneos*]" = UIStatusBarStyleDefault;
				"INFOPLIST_KEY_UIStatusBarStyle[sdk=iphonesimulator*]" = UIStatusBarStyleDefault;
				INFOPLIST_KEY_UISupportedInterfaceOrientations_iPad = "UIInterfaceOrientationPortrait UIInterfaceOrientationPortraitUpsideDown UIInterfaceOrientationLandscapeLeft UIInterfaceOrientationLandscapeRight";
				INFOPLIST_KEY_UISupportedInterfaceOrientations_iPhone = "UIInterfaceOrientationPortrait UIInterfaceOrientationLandscapeLeft UIInterfaceOrientationLandscapeRight";
				IPHONEOS_DEPLOYMENT_TARGET = 26.5;
				LD_RUNPATH_SEARCH_PATHS = "@executable_path/Frameworks";
				"LD_RUNPATH_SEARCH_PATHS[sdk=macosx*]" = "@executable_path/../Frameworks";
				MACOSX_DEPLOYMENT_TARGET = 26.5;
				MARKETING_VERSION = 1.0;
				PRODUCT_BUNDLE_IDENTIFIER = com.bonnicilabs.Strata;
				PRODUCT_NAME = "$(TARGET_NAME)";
				REGISTER_APP_GROUPS = YES;
				SDKROOT = auto;
				STRING_CATALOG_GENERATE_SYMBOLS = YES;
				SUPPORTED_PLATFORMS = "iphoneos iphonesimulator macosx";
				SUPPORTS_MACCATALYST = NO;
				SWIFT_APPROACHABLE_CONCURRENCY = YES;
				SWIFT_DEFAULT_ACTOR_ISOLATION = MainActor;
				SWIFT_EMIT_LOC_STRINGS = YES;
				SWIFT_UPCOMING_FEATURE_MEMBER_IMPORT_VISIBILITY = YES;
				SWIFT_VERSION = 5.0;
				TARGETED_DEVICE_FAMILY = "1,2";
				XROS_DEPLOYMENT_TARGET = 26.5;
			};
			name = Debug;
		};
		099DBDD52FCF54B90042FE85 /* Release */ = {
			isa = XCBuildConfiguration;
			buildSettings = {
				ASSETCATALOG_COMPILER_APPICON_NAME = AppIcon;
				ASSETCATALOG_COMPILER_GLOBAL_ACCENT_COLOR_NAME = AccentColor;
				CODE_SIGN_ENTITLEMENTS = Strata/Strata.entitlements;
				"CODE_SIGN_IDENTITY[sdk=macosx*]" = "Apple Development";
				CODE_SIGN_STYLE = Automatic;
				CURRENT_PROJECT_VERSION = 1;
				DEVELOPMENT_TEAM = 96ZD8RMB92;
				ENABLE_APP_SANDBOX = NO;
				ENABLE_HARDENED_RUNTIME = YES;
				ENABLE_PREVIEWS = YES;
				GENERATE_INFOPLIST_FILE = YES;
				INFOPLIST_FILE = Strata/Info.plist;
				INFOPLIST_KEY_CFBundleDisplayName = Strata;
				INFOPLIST_KEY_LSApplicationCategoryType = "public.app-category.developer-tools";
				"INFOPLIST_KEY_UIApplicationSceneManifest_Generation[sdk=iphoneos*]" = YES;
				"INFOPLIST_KEY_UIApplicationSceneManifest_Generation[sdk=iphonesimulator*]" = YES;
				"INFOPLIST_KEY_UIApplicationSupportsIndirectInputEvents[sdk=iphoneos*]" = YES;
				"INFOPLIST_KEY_UIApplicationSupportsIndirectInputEvents[sdk=iphonesimulator*]" = YES;
				"INFOPLIST_KEY_UILaunchScreen_Generation[sdk=iphoneos*]" = YES;
				"INFOPLIST_KEY_UILaunchScreen_Generation[sdk=iphonesimulator*]" = YES;
				"INFOPLIST_KEY_UIStatusBarStyle[sdk=iphoneos*]" = UIStatusBarStyleDefault;
				"INFOPLIST_KEY_UIStatusBarStyle[sdk=iphonesimulator*]" = UIStatusBarStyleDefault;
				INFOPLIST_KEY_UISupportedInterfaceOrientations_iPad = "UIInterfaceOrientationPortrait UIInterfaceOrientationPortraitUpsideDown UIInterfaceOrientationLandscapeLeft UIInterfaceOrientationLandscapeRight";
				INFOPLIST_KEY_UISupportedInterfaceOrientations_iPhone = "UIInterfaceOrientationPortrait UIInterfaceOrientationLandscapeLeft UIInterfaceOrientationLandscapeRight";
				IPHONEOS_DEPLOYMENT_TARGET = 26.5;
				LD_RUNPATH_SEARCH_PATHS = "@executable_path/Frameworks";
				"LD_RUNPATH_SEARCH_PATHS[sdk=macosx*]" = "@executable_path/../Frameworks";
				MACOSX_DEPLOYMENT_TARGET = 26.5;
				MARKETING_VERSION = 1.0;
				PRODUCT_BUNDLE_IDENTIFIER = com.bonnicilabs.Strata;
				PRODUCT_NAME = "$(TARGET_NAME)";
				REGISTER_APP_GROUPS = YES;
				SDKROOT = auto;
				STRING_CATALOG_GENERATE_SYMBOLS = YES;
				SUPPORTED_PLATFORMS = "iphoneos iphonesimulator macosx";
				SUPPORTS_MACCATALYST = NO;
				SWIFT_APPROACHABLE_CONCURRENCY = YES;
				SWIFT_DEFAULT_ACTOR_ISOLATION = MainActor;
				SWIFT_EMIT_LOC_STRINGS = YES;
				SWIFT_UPCOMING_FEATURE_MEMBER_IMPORT_VISIBILITY = YES;
				SWIFT_VERSION = 5.0;
				TARGETED_DEVICE_FAMILY = "1,2";
				XROS_DEPLOYMENT_TARGET = 26.5;
			};
			name = Release;
		};
		099DBDD62FCF54B90042FE85 /* Debug */ = {
			isa = XCBuildConfiguration;
			buildSettings = {
				ALWAYS_SEARCH_USER_PATHS = NO;
				ASSETCATALOG_COMPILER_GENERATE_SWIFT_ASSET_SYMBOL_EXTENSIONS = YES;
				CLANG_ANALYZER_NONNULL = YES;
				CLANG_ANALYZER_NUMBER_OBJECT_CONVERSION = YES_AGGRESSIVE;
				CLANG_CXX_LANGUAGE_STANDARD = "gnu++20";
				CLANG_ENABLE_MODULES = YES;
				CLANG_ENABLE_OBJC_ARC = YES;
				CLANG_ENABLE_OBJC_WEAK = YES;
				CLANG_WARN_BLOCK_CAPTURE_AUTORELEASING = YES;
				CLANG_WARN_BOOL_CONVERSION = YES;
				CLANG_WARN_COMMA = YES;
				CLANG_WARN_CONSTANT_CONVERSION = YES;
				CLANG_WARN_DEPRECATED_OBJC_IMPLEMENTATIONS = YES;
				CLANG_WARN_DIRECT_OBJC_ISA_USAGE = YES_ERROR;
				CLANG_WARN_DOCUMENTATION_COMMENTS = YES;
				CLANG_WARN_EMPTY_BODY = YES;
				CLANG_WARN_ENUM_CONVERSION = YES;
				CLANG_WARN_INFINITE_RECURSION = YES;
				CLANG_WARN_INT_CONVERSION = YES;
				CLANG_WARN_NON_LITERAL_NULL_CONVERSION = YES;
				CLANG_WARN_OBJC_IMPLICIT_RETAIN_SELF = YES;
				CLANG_WARN_OBJC_LITERAL_CONVERSION = YES;
				CLANG_WARN_OBJC_ROOT_CLASS = YES_ERROR;
				CLANG_WARN_QUOTED_INCLUDE_IN_FRAMEWORK_HEADER = YES;
				CLANG_WARN_RANGE_LOOP_ANALYSIS = YES;
				CLANG_WARN_STRICT_PROTOTYPES = YES;
				CLANG_WARN_SUSPICIOUS_MOVE = YES;
				CLANG_WARN_UNGUARDED_AVAILABILITY = YES_AGGRESSIVE;
				CLANG_WARN_UNREACHABLE_CODE = YES;
				CLANG_WARN__DUPLICATE_METHOD_MATCH = YES;
				COPY_PHASE_STRIP = NO;
				DEBUG_INFORMATION_FORMAT = dwarf;
				DEVELOPMENT_TEAM = 96ZD8RMB92;
				ENABLE_STRICT_OBJC_MSGSEND = YES;
				ENABLE_TESTABILITY = YES;
				ENABLE_USER_SCRIPT_SANDBOXING = YES;
				GCC_C_LANGUAGE_STANDARD = gnu17;
				GCC_DYNAMIC_NO_PIC = NO;
				GCC_NO_COMMON_BLOCKS = YES;
				GCC_OPTIMIZATION_LEVEL = 0;
				GCC_PREPROCESSOR_DEFINITIONS = (
					"DEBUG=1",
					"$(inherited)",
				);
				GCC_WARN_64_TO_32_BIT_CONVERSION = YES;
				GCC_WARN_ABOUT_RETURN_TYPE = YES_ERROR;
				GCC_WARN_UNDECLARED_SELECTOR = YES;
				GCC_WARN_UNINITIALIZED_AUTOS = YES_AGGRESSIVE;
				GCC_WARN_UNUSED_FUNCTION = YES;
				GCC_WARN_UNUSED_VARIABLE = YES;
				LOCALIZATION_PREFERS_STRING_CATALOGS = YES;
				MTL_ENABLE_DEBUG_INFO = INCLUDE_SOURCE;
				MTL_FAST_MATH = YES;
				ONLY_ACTIVE_ARCH = YES;
				SWIFT_ACTIVE_COMPILATION_CONDITIONS = "DEBUG $(inherited)";
				SWIFT_OPTIMIZATION_LEVEL = "-Onone";
			};
			name = Debug;
		};
		099DBDD72FCF54B90042FE85 /* Release */ = {
			isa = XCBuildConfiguration;
			buildSettings = {
				ALWAYS_SEARCH_USER_PATHS = NO;
				ASSETCATALOG_COMPILER_GENERATE_SWIFT_ASSET_SYMBOL_EXTENSIONS = YES;
				CLANG_ANALYZER_NONNULL = YES;
				CLANG_ANALYZER_NUMBER_OBJECT_CONVERSION = YES_AGGRESSIVE;
				CLANG_CXX_LANGUAGE_STANDARD = "gnu++20";
				CLANG_ENABLE_MODULES = YES;
				CLANG_ENABLE_OBJC_ARC = YES;
				CLANG_ENABLE_OBJC_WEAK = YES;
				CLANG_WARN_BLOCK_CAPTURE_AUTORELEASING = YES;
				CLANG_WARN_BOOL_CONVERSION = YES;
				CLANG_WARN_COMMA = YES;
				CLANG_WARN_CONSTANT_CONVERSION = YES;
				CLANG_WARN_DEPRECATED_OBJC_IMPLEMENTATIONS = YES;
				CLANG_WARN_DIRECT_OBJC_ISA_USAGE = YES_ERROR;
				CLANG_WARN_DOCUMENTATION_COMMENTS = YES;
				CLANG_WARN_EMPTY_BODY = YES;
				CLANG_WARN_ENUM_CONVERSION = YES;
				CLANG_WARN_INFINITE_RECURSION = YES;
				CLANG_WARN_INT_CONVERSION = YES;
				CLANG_WARN_NON_LITERAL_NULL_CONVERSION = YES;
				CLANG_WARN_OBJC_IMPLICIT_RETAIN_SELF = YES;
				CLANG_WARN_OBJC_LITERAL_CONVERSION = YES;
				CLANG_WARN_OBJC_ROOT_CLASS = YES_ERROR;
				CLANG_WARN_QUOTED_INCLUDE_IN_FRAMEWORK_HEADER = YES;
				CLANG_WARN_RANGE_LOOP_ANALYSIS = YES;
				CLANG_WARN_STRICT_PROTOTYPES = YES;
				CLANG_WARN_SUSPICIOUS_MOVE = YES;
				CLANG_WARN_UNGUARDED_AVAILABILITY = YES_AGGRESSIVE;
				CLANG_WARN_UNREACHABLE_CODE = YES;
				CLANG_WARN__DUPLICATE_METHOD_MATCH = YES;
				COPY_PHASE_STRIP = NO;
				DEBUG_INFORMATION_FORMAT = "dwarf-with-dsym";
				DEVELOPMENT_TEAM = 96ZD8RMB92;
				ENABLE_NS_ASSERTIONS = NO;
				ENABLE_STRICT_OBJC_MSGSEND = YES;
				ENABLE_USER_SCRIPT_SANDBOXING = YES;
				GCC_C_LANGUAGE_STANDARD = gnu17;
				GCC_NO_COMMON_BLOCKS = YES;
				GCC_WARN_64_TO_32_BIT_CONVERSION = YES;
				GCC_WARN_ABOUT_RETURN_TYPE = YES_ERROR;
				GCC_WARN_UNDECLARED_SELECTOR = YES;
				GCC_WARN_UNINITIALIZED_AUTOS = YES_AGGRESSIVE;
				GCC_WARN_UNUSED_FUNCTION = YES;
				GCC_WARN_UNUSED_VARIABLE = YES;
				LOCALIZATION_PREFERS_STRING_CATALOGS = YES;
				MTL_ENABLE_DEBUG_INFO = NO;
				MTL_FAST_MATH = YES;
				SWIFT_COMPILATION_MODE = wholemodule;
			};
			name = Release;
		};
		099DBDD92FCF54B90042FE85 /* Debug */ = {
			isa = XCBuildConfiguration;
			buildSettings = {
				BUNDLE_LOADER = "$(TEST_HOST)";
				CODE_SIGN_STYLE = Automatic;
				CURRENT_PROJECT_VERSION = 1;
				DEVELOPMENT_TEAM = 96ZD8RMB92;
				GENERATE_INFOPLIST_FILE = YES;
				IPHONEOS_DEPLOYMENT_TARGET = 26.5;
				MACOSX_DEPLOYMENT_TARGET = 26.5;
				MARKETING_VERSION = 1.0;
				PRODUCT_BUNDLE_IDENTIFIER = com.bonnicilabs.StrataTests;
				PRODUCT_NAME = "$(TARGET_NAME)";
				SDKROOT = auto;
				STRING_CATALOG_GENERATE_SYMBOLS = NO;
				SUPPORTED_PLATFORMS = "iphoneos iphonesimulator macosx xros xrsimulator";
				SWIFT_APPROACHABLE_CONCURRENCY = YES;
				SWIFT_EMIT_LOC_STRINGS = NO;
				SWIFT_UPCOMING_FEATURE_MEMBER_IMPORT_VISIBILITY = YES;
				SWIFT_VERSION = 5.0;
				TARGETED_DEVICE_FAMILY = "1,2,7";
				TEST_HOST = "$(BUILT_PRODUCTS_DIR)/Strata.app/$(BUNDLE_EXECUTABLE_FOLDER_PATH)/Strata";
				XROS_DEPLOYMENT_TARGET = 26.5;
			};
			name = Debug;
		};
		099DBDDA2FCF54B90042FE85 /* Release */ = {
			isa = XCBuildConfiguration;
			buildSettings = {
				BUNDLE_LOADER = "$(TEST_HOST)";
				CODE_SIGN_STYLE = Automatic;
				CURRENT_PROJECT_VERSION = 1;
				DEVELOPMENT_TEAM = 96ZD8RMB92;
				GENERATE_INFOPLIST_FILE = YES;
				IPHONEOS_DEPLOYMENT_TARGET = 26.5;
				MACOSX_DEPLOYMENT_TARGET = 26.5;
				MARKETING_VERSION = 1.0;
				PRODUCT_BUNDLE_IDENTIFIER = com.bonnicilabs.StrataTests;
				PRODUCT_NAME = "$(TARGET_NAME)";
				SDKROOT = auto;
				STRING_CATALOG_GENERATE_SYMBOLS = NO;
				SUPPORTED_PLATFORMS = "iphoneos iphonesimulator macosx xros xrsimulator";
				SWIFT_APPROACHABLE_CONCURRENCY = YES;
				SWIFT_EMIT_LOC_STRINGS = NO;
				SWIFT_UPCOMING_FEATURE_MEMBER_IMPORT_VISIBILITY = YES;
				SWIFT_VERSION = 5.0;
				TARGETED_DEVICE_FAMILY = "1,2,7";
				TEST_HOST = "$(BUILT_PRODUCTS_DIR)/Strata.app/$(BUNDLE_EXECUTABLE_FOLDER_PATH)/Strata";
				XROS_DEPLOYMENT_TARGET = 26.5;
			};
			name = Release;
		};
		099DBDDC2FCF54B90042FE85 /* Debug */ = {
			isa = XCBuildConfiguration;
			buildSettings = {
				CODE_SIGN_STYLE = Automatic;
				CURRENT_PROJECT_VERSION = 1;
				DEVELOPMENT_TEAM = 96ZD8RMB92;
				GENERATE_INFOPLIST_FILE = YES;
				IPHONEOS_DEPLOYMENT_TARGET = 26.5;
				MACOSX_DEPLOYMENT_TARGET = 26.5;
				MARKETING_VERSION = 1.0;
				PRODUCT_BUNDLE_IDENTIFIER = com.bonnicilabs.StrataUITests;
				PRODUCT_NAME = "$(TARGET_NAME)";
				SDKROOT = auto;
				STRING_CATALOG_GENERATE_SYMBOLS = NO;
				SUPPORTED_PLATFORMS = "iphoneos iphonesimulator macosx xros xrsimulator";
				SWIFT_APPROACHABLE_CONCURRENCY = YES;
				SWIFT_EMIT_LOC_STRINGS = NO;
				SWIFT_UPCOMING_FEATURE_MEMBER_IMPORT_VISIBILITY = YES;
				SWIFT_VERSION = 5.0;
				TARGETED_DEVICE_FAMILY = "1,2,7";
				TEST_TARGET_NAME = Strata;
				XROS_DEPLOYMENT_TARGET = 26.5;
			};
			name = Debug;
		};
		099DBDDD2FCF54B90042FE85 /* Release */ = {
			isa = XCBuildConfiguration;
			buildSettings = {
				CODE_SIGN_STYLE = Automatic;
				CURRENT_PROJECT_VERSION = 1;
				DEVELOPMENT_TEAM = 96ZD8RMB92;
				GENERATE_INFOPLIST_FILE = YES;
				IPHONEOS_DEPLOYMENT_TARGET = 26.5;
				MACOSX_DEPLOYMENT_TARGET = 26.5;
				MARKETING_VERSION = 1.0;
				PRODUCT_BUNDLE_IDENTIFIER = com.bonnicilabs.StrataUITests;
				PRODUCT_NAME = "$(TARGET_NAME)";
				SDKROOT = auto;
				STRING_CATALOG_GENERATE_SYMBOLS = NO;
				SUPPORTED_PLATFORMS = "iphoneos iphonesimulator macosx xros xrsimulator";
				SWIFT_APPROACHABLE_CONCURRENCY = YES;
				SWIFT_EMIT_LOC_STRINGS = NO;
				SWIFT_UPCOMING_FEATURE_MEMBER_IMPORT_VISIBILITY = YES;
				SWIFT_VERSION = 5.0;
				TARGETED_DEVICE_FAMILY = "1,2,7";
				TEST_TARGET_NAME = Strata;
				XROS_DEPLOYMENT_TARGET = 26.5;
			};
			name = Release;
		};
/* End XCBuildConfiguration section */

/* Begin XCConfigurationList section */
		099DBDAA2FCF54B80042FE85 /* Build configuration list for PBXProject "Strata" */ = {
			isa = XCConfigurationList;
			buildConfigurations = (
				099DBDD62FCF54B90042FE85 /* Debug */,
				099DBDD72FCF54B90042FE85 /* Release */,
			);
			defaultConfigurationIsVisible = 0;
			defaultConfigurationName = Release;
		};
		099DBDD32FCF54B90042FE85 /* Build configuration list for PBXNativeTarget "Strata" */ = {
			isa = XCConfigurationList;
			buildConfigurations = (
				099DBDD42FCF54B90042FE85 /* Debug */,
				099DBDD52FCF54B90042FE85 /* Release */,
			);
			defaultConfigurationIsVisible = 0;
			defaultConfigurationName = Release;
		};
		099DBDD82FCF54B90042FE85 /* Build configuration list for PBXNativeTarget "StrataTests" */ = {
			isa = XCConfigurationList;
			buildConfigurations = (
				099DBDD92FCF54B90042FE85 /* Debug */,
				099DBDDA2FCF54B90042FE85 /* Release */,
			);
			defaultConfigurationIsVisible = 0;
			defaultConfigurationName = Release;
		};
		099DBDDB2FCF54B90042FE85 /* Build configuration list for PBXNativeTarget "StrataUITests" */ = {
			isa = XCConfigurationList;
			buildConfigurations = (
				099DBDDC2FCF54B90042FE85 /* Debug */,
				099DBDDD2FCF54B90042FE85 /* Release */,
			);
			defaultConfigurationIsVisible = 0;
			defaultConfigurationName = Release;
		};
/* End XCConfigurationList section */

/* Begin XCRemoteSwiftPackageReference section */
		099DBE082FCF5E6B0042FE85 /* XCRemoteSwiftPackageReference "GRDB" */ = {
			isa = XCRemoteSwiftPackageReference;
			repositoryURL = "https://github.com/groue/GRDB.swift";
			requirement = {
				branch = master;
				kind = branch;
			};
		};
/* End XCRemoteSwiftPackageReference section */

/* Begin XCSwiftPackageProductDependency section */
		099DBE0A2FCF60530042FE85 /* GRDB */ = {
			isa = XCSwiftPackageProductDependency;
			package = 099DBE082FCF5E6B0042FE85 /* XCRemoteSwiftPackageReference "GRDB" */;
			productName = GRDB;
		};
/* End XCSwiftPackageProductDependency section */
	};
	rootObject = 099DBDA72FCF54B80042FE85 /* Project object */;
}
